
Microsoft Visual Studio Solution File, Format Version 12.00
# Visual Studio 15
VisualStudioVersion = 15.0.27703.1
MinimumVisualStudioVersion = 10.0.40219.1
Project("{FAE04EC0-301F-11D3-BF4B-00C04F79EFBC}") = "SnakeGame", "Snake\SnakeGame.csproj", "{F387160E-6E5D-4D5D-A248-3EAEE14B4CCE}"
EndProject
Project("{FAE04EC0-301F-11D3-BF4B-00C04F79EFBC}") = "SnakeClassLibrary", "SnakeClassLibrary\SnakeClassLibrary.csproj", "{AAD4DC7C-22CD-40FA-AF33-6BDC0EE7A520}"
EndProject
Global
	GlobalSection(SolutionConfigurationPlatforms) = preSolution
		Debug|Any CPU = Debug|Any CPU
		Release|Any CPU = Release|Any CPU
	EndGlobalSection
	GlobalSection(ProjectConfigurationPlatforms) = postSolution
		{F387160E-6E5D-4D5D-A248-3EAEE14B4CCE}.Debug|Any CPU.ActiveCfg = Debug|Any CPU
		{F387160E-6E5D-4D5D-A248-3EAEE14B4CCE}.Debug|Any CPU.Build.0 = Debug|Any CPU
		{F387160E-6E5D-4D5D-A248-3EAEE14B4CCE}.Release|Any CPU.ActiveCfg = Release|Any CPU
		{F387160E-6E5D-4D5D-A248-3EAEE14B4CCE}.Release|Any CPU.Build.0 = Release|Any CPU
		{AAD4DC7C-22CD-40FA-AF33-6BDC0EE7A520}.Debug|Any CPU.ActiveCfg = Debug|Any CPU
		{AAD4DC7C-22CD-40FA-AF33-6BDC0EE7A520}.Debug|Any CPU.Build.0 = Debug|Any CPU
		{AAD4DC7C-22CD-40FA-AF33-6BDC0EE7A520}.Release|Any CPU.ActiveCfg = Release|Any CPU
		{AAD4DC7C-22CD-40FA-AF33-6BDC0EE7A520}.Release|Any CPU.Build.0 = Release|Any CPU
	EndGlobalSection
	GlobalSection(SolutionProperties) = preSolution
		HideSolutionNode = FALSE
	EndGlobalSection
	GlobalSection(ExtensibilityGlobals) = postSolution
		SolutionGuid = {9030EA67-10CB-4B52-8BB6-5D76393C23C3}
	EndGlobalSection
EndGlobal
